// !$*UTF8*$!
{
	archiveVersion = 1;
	classes = {
	};
	objectVersion = 110;
	objects = {

/* Begin PBXContainerItemProxy section */
		07BBB11F305FE94400E06876 /* PBXContainerItemProxy */ = {
			isa = PBXContainerItemProxy;
			containerPortal = 07BBB109305FE94200E06876 /* Project object */;
			proxyType = 1;
			remoteGlobalIDString = 07BBB110305FE94200E06876;
			remoteInfo = Privofit;
		};
		07BBB129305FE94400E06876 /* PBXContainerItemProxy */ = {
			isa = PBXContainerItemProxy;
			containerPortal = 07BBB109305FE94200E06876 /* Project object */;
			proxyType = 1;
			remoteGlobalIDString = 07BBB110305FE94200E06876;
			remoteInfo = Privofit;
		};
/* End PBXContainerItemProxy section */

/* Begin PBXFileReference section */
		07BBB111305FE94200E06876 /* Privofit.app */ = {isa = PBXFileReference; explicitFileType = wrapper.application; includeInIndex = 0; path = Privofit.app; sourceTree = BUILT_PRODUCTS_DIR; };
		07BBB11E305FE94400E06876 /* PrivofitTests.xctest */ = {isa = PBXFileReference; explicitFileType = wrapper.cfbundle; includeInIndex = 0; path = PrivofitTests.xctest; sourceTree = BUILT_PRODUCTS_DIR; };
		07BBB128305FE94400E06876 /* PrivofitUITests.xctest */ = {isa = PBXFileReference; explicitFileType = wrapper.cfbundle; includeInIndex = 0; path = PrivofitUITests.xctest; sourceTree = BUILT_PRODUCTS_DIR; };
/* End PBXFileReference section */

/* Begin PBXFileSystemSynchronizedRootGroup section */
		07BBB113305FE94200E06876 /* Privofit */ = {
			isa = PBXFileSystemSynchronizedRootGroup;
			path = Privofit;
			sourceTree = "<group>";
		};
		07BBB121305FE94400E06876 /* PrivofitTests */ = {
			isa = PBXFileSystemSynchronizedRootGroup;
			path = PrivofitTests;
			sourceTree = "<group>";
		};
		07BBB12B305FE94400E06876 /* PrivofitUITests */ = {
			isa = PBXFileSystemSynchronizedRootGroup;
			path = PrivofitUITests;
			sourceTree = "<group>";
		};
/* End PBXFileSystemSynchronizedRootGroup section */

/* Begin PBXFrameworksBuildPhase section */
		07BBB10E305FE94200E06876 /* Frameworks */ = {
			isa = PBXFrameworksBuildPhase;
			files = (
			);
		};
		07BBB11B305FE94400E06876 /* Frameworks */ = {
			isa = PBXFrameworksBuildPhase;
			files = (
			);
		};
		07BBB125305FE94400E06876 /* Frameworks */ = {
			isa = PBXFrameworksBuildPhase;
			files = (
			);
		};
/* End PBXFrameworksBuildPhase section */

/* Begin PBXGroup section */
		07BBB108305FE94200E06876 = {
			isa = PBXGroup;
			children = (
				07BBB113305FE94200E06876 /* Privofit */,
				07BBB121305FE94400E06876 /* PrivofitTests */,
				07BBB12B305FE94400E06876 /* PrivofitUITests */,
				07BBB112305FE94200E06876 /* Products */,
			);
			sourceTree = "<group>";
		};
		07BBB112305FE94200E06876 /* Products */ = {
			isa = PBXGroup;
			children = (
				07BBB111305FE94200E06876 /* Privofit.app */,
				07BBB11E305FE94400E06876 /* PrivofitTests.xctest */,
				07BBB128305FE94400E06876 /* PrivofitUITests.xctest */,
			);
			name = Products;
			sourceTree = "<group>";
		};
/* End PBXGroup section */

/* Begin PBXNativeTarget section */
		07BBB110305FE94200E06876 /* Privofit */ = {
			isa = PBXNativeTarget;
			buildConfigurationList = 07BBB130305FE94400E06876 /* Build configuration list for PBXNativeTarget "Privofit" */;
			buildPhases = (
				07BBB10D305FE94200E06876 /* Sources */,
				07BBB10E305FE94200E06876 /* Frameworks */,
				07BBB10F305FE94200E06876 /* Resources */,
			);
			buildRules = (
			);
			fileSystemSynchronizedGroups = (
				07BBB113305FE94200E06876 /* Privofit */,
			);
			name = Privofit;
			productName = Privofit;
			productReference = 07BBB111305FE94200E06876 /* Privofit.app */;
			productType = "com.apple.product-type.application";
		};
		07BBB11D305FE94400E06876 /* PrivofitTests */ = {
			isa = PBXNativeTarget;
			buildConfigurationList = 07BBB133305FE94400E06876 /* Build configuration list for PBXNativeTarget "PrivofitTests" */;
			buildPhases = (
				07BBB11A305FE94400E06876 /* Sources */,
				07BBB11B305FE94400E06876 /* Frameworks */,
				07BBB11C305FE94400E06876 /* Resources */,
			);
			buildRules = (
			);
			dependencies = (
				07BBB120305FE94400E06876 /* PBXTargetDependency */,
			);
			fileSystemSynchronizedGroups = (
				07BBB121305FE94400E06876 /* PrivofitTests */,
			);
			name = PrivofitTests;
			productName = PrivofitTests;
			productReference = 07BBB11E305FE94400E06876 /* PrivofitTests.xctest */;
			productType = "com.apple.product-type.bundle.unit-test";
		};
		07BBB127305FE94400E06876 /* PrivofitUITests */ = {
			isa = PBXNativeTarget;
			buildConfigurationList = 07BBB136305FE94400E06876 /* Build configuration list for PBXNativeTarget "PrivofitUITests" */;
			buildPhases = (
				07BBB124305FE94400E06876 /* Sources */,
				07BBB125305FE94400E06876 /* Frameworks */,
				07BBB126305FE94400E06876 /* Resources */,
			);
			buildRules = (
			);
			dependencies = (
				07BBB12A305FE94400E06876 /* PBXTargetDependency */,
			);
			fileSystemSynchronizedGroups = (
				07BBB12B305FE94400E06876 /* PrivofitUITests */,
			);
			name = PrivofitUITests;
			productName = PrivofitUITests;
			productReference = 07BBB128305FE94400E06876 /* PrivofitUITests.xctest */;
			productType = "com.apple.product-type.bundle.ui-testing";
		};
/* End PBXNativeTarget section */

/* Begin PBXProject section */
		07BBB109305FE94200E06876 /* Project object */ = {
			isa = PBXProject;
			attributes = {
				BuildIndependentTargetsInParallel = 1;
				LastSwiftUpdateCheck = 2700;
				LastUpgradeCheck = 2700;
				TargetAttributes = {
					07BBB110305FE94200E06876 = {
						CreatedOnToolsVersion = 27.0;
					};
					07BBB11D305FE94400E06876 = {
						CreatedOnToolsVersion = 27.0;
						TestTargetID = 07BBB110305FE94200E06876;
					};
					07BBB127305FE94400E06876 = {
						CreatedOnToolsVersion = 27.0;
						TestTargetID = 07BBB110305FE94200E06876;
					};
				};
			};
			buildConfigurationList = 07BBB10C305FE94200E06876 /* Build configuration list for PBXProject "Privofit" */;
			developmentRegion = en;
			hasScannedForEncodings = 0;
			knownRegions = (
				en,
				Base,
			);
			mainGroup = 07BBB108305FE94200E06876;
			minimizedProjectReferenceProxies = 1;
			preferredProjectObjectVersion = 77;
			productRefGroup = 07BBB112305FE94200E06876 /* Products */;
			projectDirPath = "";
			projectRoot = "";
			targets = (
				07BBB110305FE94200E06876 /* Privofit */,
				07BBB11D305FE94400E06876 /* PrivofitTests */,
				07BBB127305FE94400E06876 /* PrivofitUITests */,
			);
		};
/* End PBXProject section */

/* Begin PBXResourcesBuildPhase section */
		07BBB10F305FE94200E06876 /* Resources */ = {
			isa = PBXResourcesBuildPhase;
			files = (
			);
		};
		07BBB11C305FE94400E06876 /* Resources */ = {
			isa = PBXResourcesBuildPhase;
			files = (
			);
		};
		07BBB126305FE94400E06876 /* Resources */ = {
			isa = PBXResourcesBuildPhase;
			files = (
			);
		};
/* End PBXResourcesBuildPhase section */

/* Begin PBXSourcesBuildPhase section */
		07BBB10D305FE94200E06876 /* Sources */ = {
			isa = PBXSourcesBuildPhase;
			files = (
			);
		};
		07BBB11A305FE94400E06876 /* Sources */ = {
			isa = PBXSourcesBuildPhase;
			files = (
			);
		};
		07BBB124305FE94400E06876 /* Sources */ = {
			isa = PBXSourcesBuildPhase;
			files = (
			);
		};
/* End PBXSourcesBuildPhase section */

/* Begin PBXTargetDependency section */
		07BBB120305FE94400E06876 /* PBXTargetDependency */ = {
			isa = PBXTargetDependency;
			target = 07BBB110305FE94200E06876 /* Privofit */;
			targetProxy = 07BBB11F305FE94400E06876 /* PBXContainerItemProxy */;
		};
		07BBB12A305FE94400E06876 /* PBXTargetDependency */ = {
			isa = PBXTargetDependency;
			target = 07BBB110305FE94200E06876 /* Privofit */;
			targetProxy = 07BBB129305FE94400E06876 /* PBXContainerItemProxy */;
		};
/* End PBXTargetDependency section */

/* Begin XCBuildConfiguration section */
		07BBB12E305FE94400E06876 /* Debug configuration for PBXProject "Privofit" */ = {
			isa = XCBuildConfiguration;
			buildSettings = {
				ALWAYS_SEARCH_USER_PATHS = NO;
				ASSETCATALOG_COMPILER_GENERATE_SWIFT_ASSET_SYMBOL_EXTENSIONS = YES;
				CLANG_ANALYZER_NONNULL = YES;
				CLANG_ANALYZER_NUMBER_OBJECT_CONVERSION = YES_AGGRESSIVE;
				CLANG_CXX_LANGUAGE_STANDARD = "gnu++20";
				CLANG_ENABLE_MODULES = YES;
				CLANG_ENABLE_OBJC_ARC = YES;
				CLANG_ENABLE_OBJC_WEAK = YES;
				CLANG_WARN_BLOCK_CAPTURE_AUTORELEASING = YES;
				CLANG_WARN_BOOL_CONVERSION = YES;
				CLANG_WARN_COMMA = YES;
				CLANG_WARN_CONSTANT_CONVERSION = YES;
				CLANG_WARN_DEPRECATED_OBJC_IMPLEMENTATIONS = YES;
				CLANG_WARN_DIRECT_OBJC_ISA_USAGE = YES_ERROR;
				CLANG_WARN_DOCUMENTATION_COMMENTS = YES;
				CLANG_WARN_EMPTY_BODY = YES;
				CLANG_WARN_ENUM_CONVERSION = YES;
				CLANG_WARN_INFINITE_RECURSION = YES;
				CLANG_WARN_INT_CONVERSION = YES;
				CLANG_WARN_NON_LITERAL_NULL_CONVERSION = YES;
				CLANG_WARN_OBJC_IMPLICIT_RETAIN_SELF = YES;
				CLANG_WARN_OBJC_LITERAL_CONVERSION = YES;
				CLANG_WARN_OBJC_ROOT_CLASS = YES_ERROR;
				CLANG_WARN_QUOTED_INCLUDE_IN_FRAMEWORK_HEADER = YES;
				CLANG_WARN_RANGE_LOOP_ANALYSIS = YES;
				CLANG_WARN_STRICT_PROTOTYPES = YES;
				CLANG_WARN_SUSPICIOUS_MOVE = YES;
				CLANG_WARN_UNGUARDED_AVAILABILITY = YES_AGGRESSIVE;
				CLANG_WARN_UNREACHABLE_CODE = YES;
				CLANG_WARN__DUPLICATE_METHOD_MATCH = YES;
				COPY_PHASE_STRIP = NO;
				DEBUG_INFORMATION_FORMAT = dwarf;
				DEVELOPMENT_TEAM = W6R3HZD7R4;
				ENABLE_STRICT_OBJC_MSGSEND = YES;
				ENABLE_TESTABILITY = YES;
				ENABLE_USER_SCRIPT_SANDBOXING = YES;
				GCC_C_LANGUAGE_STANDARD = gnu17;
				GCC_DYNAMIC_NO_PIC = NO;
				GCC_NO_COMMON_BLOCKS = YES;
				GCC_OPTIMIZATION_LEVEL = 0;
				GCC_PREPROCESSOR_DEFINITIONS = (
					"DEBUG=1",
					"$(inherited)",
				);
				GCC_WARN_64_TO_32_BIT_CONVERSION = YES;
				GCC_WARN_ABOUT_RETURN_TYPE = YES_ERROR;
				GCC_WARN_UNDECLARED_SELECTOR = YES;
				GCC_WARN_UNINITIALIZED_AUTOS = YES_AGGRESSIVE;
				GCC_WARN_UNUSED_FUNCTION = YES;
				GCC_WARN_UNUSED_VARIABLE = YES;
				IPHONEOS_DEPLOYMENT_TARGET = 27.0;
				LOCALIZATION_PREFERS_STRING_CATALOGS = YES;
				MTL_ENABLE_DEBUG_INFO = INCLUDE_SOURCE;
				MTL_FAST_MATH = YES;
				ONLY_ACTIVE_ARCH = YES;
				SDKROOT = iphoneos;
				SWIFT_ACTIVE_COMPILATION_CONDITIONS = "DEBUG $(inherited)";
				SWIFT_OPTIMIZATION_LEVEL = "-Onone";
			};
			name = Debug;
		};
		07BBB12F305FE94400E06876 /* Release configuration for PBXProject "Privofit" */ = {
			isa = XCBuildConfiguration;
			buildSettings = {
				ALWAYS_SEARCH_USER_PATHS = NO;
				ASSETCATALOG_COMPILER_GENERATE_SWIFT_ASSET_SYMBOL_EXTENSIONS = YES;
				CLANG_ANALYZER_NONNULL = YES;
				CLANG_ANALYZER_NUMBER_OBJECT_CONVERSION = YES_AGGRESSIVE;
				CLANG_CXX_LANGUAGE_STANDARD = "gnu++20";
				CLANG_ENABLE_MODULES = YES;
				CLANG_ENABLE_OBJC_ARC = YES;
				CLANG_ENABLE_OBJC_WEAK = YES;
				CLANG_WARN_BLOCK_CAPTURE_AUTORELEASING = YES;
				CLANG_WARN_BOOL_CONVERSION = YES;
				CLANG_WARN_COMMA = YES;
				CLANG_WARN_CONSTANT_CONVERSION = YES;
				CLANG_WARN_DEPRECATED_OBJC_IMPLEMENTATIONS = YES;
				CLANG_WARN_DIRECT_OBJC_ISA_USAGE = YES_ERROR;
				CLANG_WARN_DOCUMENTATION_COMMENTS = YES;
				CLANG_WARN_EMPTY_BODY = YES;
				CLANG_WARN_ENUM_CONVERSION = YES;
				CLANG_WARN_INFINITE_RECURSION = YES;
				CLANG_WARN_INT_CONVERSION = YES;
				CLANG_WARN_NON_LITERAL_NULL_CONVERSION = YES;
				CLANG_WARN_OBJC_IMPLICIT_RETAIN_SELF = YES;
				CLANG_WARN_OBJC_LITERAL_CONVERSION = YES;
				CLANG_WARN_OBJC_ROOT_CLASS = YES_ERROR;
				CLANG_WARN_QUOTED_INCLUDE_IN_FRAMEWORK_HEADER = YES;
				CLANG_WARN_RANGE_LOOP_ANALYSIS = YES;
				CLANG_WARN_STRICT_PROTOTYPES = YES;
				CLANG_WARN_SUSPICIOUS_MOVE = YES;
				CLANG_WARN_UNGUARDED_AVAILABILITY = YES_AGGRESSIVE;
				CLANG_WARN_UNREACHABLE_CODE = YES;
				CLANG_WARN__DUPLICATE_METHOD_MATCH = YES;
				COPY_PHASE_STRIP = NO;
				DEBUG_INFORMATION_FORMAT = "dwarf-with-dsym";
				DEVELOPMENT_TEAM = W6R3HZD7R4;
				ENABLE_NS_ASSERTIONS = NO;
				ENABLE_STRICT_OBJC_MSGSEND = YES;
				ENABLE_USER_SCRIPT_SANDBOXING = YES;
				GCC_C_LANGUAGE_STANDARD = gnu17;
				GCC_NO_COMMON_BLOCKS = YES;
				GCC_WARN_64_TO_32_BIT_CONVERSION = YES;
				GCC_WARN_ABOUT_RETURN_TYPE = YES_ERROR;
				GCC_WARN_UNDECLARED_SELECTOR = YES;
				GCC_WARN_UNINITIALIZED_AUTOS = YES_AGGRESSIVE;
				GCC_WARN_UNUSED_FUNCTION = YES;
				GCC_WARN_UNUSED_VARIABLE = YES;
				IPHONEOS_DEPLOYMENT_TARGET = 27.0;
				LOCALIZATION_PREFERS_STRING_CATALOGS = YES;
				MTL_ENABLE_DEBUG_INFO = NO;
				MTL_FAST_MATH = YES;
				SDKROOT = iphoneos;
				SWIFT_COMPILATION_MODE = wholemodule;
				VALIDATE_PRODUCT = YES;
			};
			name = Release;
		};
		07BBB131305FE94400E06876 /* Debug configuration for PBXNativeTarget "Privofit" */ = {
			isa = XCBuildConfiguration;
			buildSettings = {
				ASSETCATALOG_COMPILER_APPICON_NAME = AppIcon;
				ASSETCATALOG_COMPILER_GLOBAL_ACCENT_COLOR_NAME = AccentColor;
				CODE_SIGN_STYLE = Automatic;
				CURRENT_PROJECT_VERSION = 1;
				DEVELOPMENT_TEAM = W6R3HZD7R4;
				ENABLE_PREVIEWS = YES;
				GENERATE_INFOPLIST_FILE = YES;
				INFOPLIST_KEY_UIApplicationSceneManifest_Generation = YES;
				INFOPLIST_KEY_UIApplicationSupportsIndirectInputEvents = YES;
				INFOPLIST_KEY_UILaunchScreen_Generation = YES;
				INFOPLIST_KEY_UISupportedInterfaceOrientations_iPad = "UIInterfaceOrientationPortrait UIInterfaceOrientationPortraitUpsideDown UIInterfaceOrientationLandscapeLeft UIInterfaceOrientationLandscapeRight";
				INFOPLIST_KEY_UISupportedInterfaceOrientations_iPhone = "UIInterfaceOrientationPortrait UIInterfaceOrientationLandscapeLeft UIInterfaceOrientationLandscapeRight";
				LD_RUNPATH_SEARCH_PATHS = (
					"$(inherited)",
					"@executable_path/Frameworks",
				);
				MARKETING_VERSION = 1.0;
				PRODUCT_BUNDLE_IDENTIFIER = com.hajecek.Privofit;
				PRODUCT_NAME = "$(TARGET_NAME)";
				STRING_CATALOG_GENERATE_SYMBOLS = YES;
				SWIFT_APPROACHABLE_CONCURRENCY = YES;
				SWIFT_DEFAULT_ACTOR_ISOLATION = MainActor;
				SWIFT_EMIT_LOC_STRINGS = YES;
				SWIFT_UPCOMING_FEATURE_MEMBER_IMPORT_VISIBILITY = YES;
				SWIFT_VERSION = 5.0;
				TARGETED_DEVICE_FAMILY = "1,2";
			};
			name = Debug;
		};
		07BBB132305FE94400E06876 /* Release configuration for PBXNativeTarget "Privofit" */ = {
			isa = XCBuildConfiguration;
			buildSettings = {
				ASSETCATALOG_COMPILER_APPICON_NAME = AppIcon;
				ASSETCATALOG_COMPILER_GLOBAL_ACCENT_COLOR_NAME = AccentColor;
				CODE_SIGN_STYLE = Automatic;
				CURRENT_PROJECT_VERSION = 1;
				DEVELOPMENT_TEAM = W6R3HZD7R4;
				ENABLE_PREVIEWS = YES;
				GENERATE_INFOPLIST_FILE = YES;
				INFOPLIST_KEY_UIApplicationSceneManifest_Generation = YES;
				INFOPLIST_KEY_UIApplicationSupportsIndirectInputEvents = YES;
				INFOPLIST_KEY_UILaunchScreen_Generation = YES;
				INFOPLIST_KEY_UISupportedInterfaceOrientations_iPad = "UIInterfaceOrientationPortrait UIInterfaceOrientationPortraitUpsideDown UIInterfaceOrientationLandscapeLeft UIInterfaceOrientationLandscapeRight";
				INFOPLIST_KEY_UISupportedInterfaceOrientations_iPhone = "UIInterfaceOrientationPortrait UIInterfaceOrientationLandscapeLeft UIInterfaceOrientationLandscapeRight";
				LD_RUNPATH_SEARCH_PATHS = (
					"$(inherited)",
					"@executable_path/Frameworks",
				);
				MARKETING_VERSION = 1.0;
				PRODUCT_BUNDLE_IDENTIFIER = com.hajecek.Privofit;
				PRODUCT_NAME = "$(TARGET_NAME)";
				STRING_CATALOG_GENERATE_SYMBOLS = YES;
				SWIFT_APPROACHABLE_CONCURRENCY = YES;
				SWIFT_DEFAULT_ACTOR_ISOLATION = MainActor;
				SWIFT_EMIT_LOC_STRINGS = YES;
				SWIFT_UPCOMING_FEATURE_MEMBER_IMPORT_VISIBILITY = YES;
				SWIFT_VERSION = 5.0;
				TARGETED_DEVICE_FAMILY = "1,2";
			};
			name = Release;
		};
		07BBB134305FE94400E06876 /* Debug configuration for PBXNativeTarget "PrivofitTests" */ = {
			isa = XCBuildConfiguration;
			buildSettings = {
				BUNDLE_LOADER = "$(TEST_HOST)";
				CODE_SIGN_STYLE = Automatic;
				CURRENT_PROJECT_VERSION = 1;
				DEVELOPMENT_TEAM = W6R3HZD7R4;
				GENERATE_INFOPLIST_FILE = YES;
				IPHONEOS_DEPLOYMENT_TARGET = 27.0;
				MARKETING_VERSION = 1.0;
				PRODUCT_BUNDLE_IDENTIFIER = com.hajecek.PrivofitTests;
				PRODUCT_NAME = "$(TARGET_NAME)";
				STRING_CATALOG_GENERATE_SYMBOLS = NO;
				SWIFT_APPROACHABLE_CONCURRENCY = YES;
				SWIFT_EMIT_LOC_STRINGS = NO;
				SWIFT_UPCOMING_FEATURE_MEMBER_IMPORT_VISIBILITY = YES;
				SWIFT_VERSION = 5.0;
				TARGETED_DEVICE_FAMILY = "1,2";
				TEST_HOST = "$(BUILT_PRODUCTS_DIR)/Privofit.app/$(BUNDLE_EXECUTABLE_FOLDER_PATH)/Privofit";
			};
			name = Debug;
		};
		07BBB135305FE94400E06876 /* Release configuration for PBXNativeTarget "PrivofitTests" */ = {
			isa = XCBuildConfiguration;
			buildSettings = {
				BUNDLE_LOADER = "$(TEST_HOST)";
				CODE_SIGN_STYLE = Automatic;
				CURRENT_PROJECT_VERSION = 1;
				DEVELOPMENT_TEAM = W6R3HZD7R4;
				GENERATE_INFOPLIST_FILE = YES;
				IPHONEOS_DEPLOYMENT_TARGET = 27.0;
				MARKETING_VERSION = 1.0;
				PRODUCT_BUNDLE_IDENTIFIER = com.hajecek.PrivofitTests;
				PRODUCT_NAME = "$(TARGET_NAME)";
				STRING_CATALOG_GENERATE_SYMBOLS = NO;
				SWIFT_APPROACHABLE_CONCURRENCY = YES;
				SWIFT_EMIT_LOC_STRINGS = NO;
				SWIFT_UPCOMING_FEATURE_MEMBER_IMPORT_VISIBILITY = YES;
				SWIFT_VERSION = 5.0;
				TARGETED_DEVICE_FAMILY = "1,2";
				TEST_HOST = "$(BUILT_PRODUCTS_DIR)/Privofit.app/$(BUNDLE_EXECUTABLE_FOLDER_PATH)/Privofit";
			};
			name = Release;
		};
		07BBB137305FE94400E06876 /* Debug configuration for PBXNativeTarget "PrivofitUITests" */ = {
			isa = XCBuildConfiguration;
			buildSettings = {
				CODE_SIGN_STYLE = Automatic;
				CURRENT_PROJECT_VERSION = 1;
				DEVELOPMENT_TEAM = W6R3HZD7R4;
				GENERATE_INFOPLIST_FILE = YES;
				MARKETING_VERSION = 1.0;
				PRODUCT_BUNDLE_IDENTIFIER = com.hajecek.PrivofitUITests;
				PRODUCT_NAME = "$(TARGET_NAME)";
				STRING_CATALOG_GENERATE_SYMBOLS = NO;
				SWIFT_APPROACHABLE_CONCURRENCY = YES;
				SWIFT_EMIT_LOC_STRINGS = NO;
				SWIFT_UPCOMING_FEATURE_MEMBER_IMPORT_VISIBILITY = YES;
				SWIFT_VERSION = 5.0;
				TARGETED_DEVICE_FAMILY = "1,2";
				TEST_TARGET_NAME = Privofit;
			};
			name = Debug;
		};
		07BBB138305FE94400E06876 /* Release configuration for PBXNativeTarget "PrivofitUITests" */ = {
			isa = XCBuildConfiguration;
			buildSettings = {
				CODE_SIGN_STYLE = Automatic;
				CURRENT_PROJECT_VERSION = 1;
				DEVELOPMENT_TEAM = W6R3HZD7R4;
				GENERATE_INFOPLIST_FILE = YES;
				MARKETING_VERSION = 1.0;
				PRODUCT_BUNDLE_IDENTIFIER = com.hajecek.PrivofitUITests;
				PRODUCT_NAME = "$(TARGET_NAME)";
				STRING_CATALOG_GENERATE_SYMBOLS = NO;
				SWIFT_APPROACHABLE_CONCURRENCY = YES;
				SWIFT_EMIT_LOC_STRINGS = NO;
				SWIFT_UPCOMING_FEATURE_MEMBER_IMPORT_VISIBILITY = YES;
				SWIFT_VERSION = 5.0;
				TARGETED_DEVICE_FAMILY = "1,2";
				TEST_TARGET_NAME = Privofit;
			};
			name = Release;
		};
/* End XCBuildConfiguration section */

/* Begin XCConfigurationList section */
		07BBB10C305FE94200E06876 /* Build configuration list for PBXProject "Privofit" */ = {
			isa = XCConfigurationList;
			buildConfigurations = (
				07BBB12E305FE94400E06876 /* Debug configuration for PBXProject "Privofit" */,
				07BBB12F305FE94400E06876 /* Release configuration for PBXProject "Privofit" */,
			);
			defaultConfigurationName = Release;
		};
		07BBB130305FE94400E06876 /* Build configuration list for PBXNativeTarget "Privofit" */ = {
			isa = XCConfigurationList;
			buildConfigurations = (
				07BBB131305FE94400E06876 /* Debug configuration for PBXNativeTarget "Privofit" */,
				07BBB132305FE94400E06876 /* Release configuration for PBXNativeTarget "Privofit" */,
			);
			defaultConfigurationName = Release;
		};
		07BBB133305FE94400E06876 /* Build configuration list for PBXNativeTarget "PrivofitTests" */ = {
			isa = XCConfigurationList;
			buildConfigurations = (
				07BBB134305FE94400E06876 /* Debug configuration for PBXNativeTarget "PrivofitTests" */,
				07BBB135305FE94400E06876 /* Release configuration for PBXNativeTarget "PrivofitTests" */,
			);
			defaultConfigurationName = Release;
		};
		07BBB136305FE94400E06876 /* Build configuration list for PBXNativeTarget "PrivofitUITests" */ = {
			isa = XCConfigurationList;
			buildConfigurations = (
				07BBB137305FE94400E06876 /* Debug configuration for PBXNativeTarget "PrivofitUITests" */,
				07BBB138305FE94400E06876 /* Release configuration for PBXNativeTarget "PrivofitUITests" */,
			);
			defaultConfigurationName = Release;
		};
/* End XCConfigurationList section */
	};
	rootObject = 07BBB109305FE94200E06876 /* Project object */;
	validationLevel = 1;
}
